
Microsoft Visual Studio Solution File, Format Version 12.00
# Visual Studio Version 17
VisualStudioVersion = 17.10.35027.167
MinimumVisualStudioVersion = 10.0.40219.1
Project("{FAE04EC0-301F-11D3-BF4B-00C04F79EFBC}") = "Jupiterapp", "Jupiterapp\Jupiterapp.csproj", "{C695F80E-2C38-42DB-9F24-B9FDBF0B2CE3}"
EndProject
Global
	GlobalSection(SolutionConfigurationPlatforms) = preSolution
		Debug|Any CPU = Debug|Any CPU
		Release|Any CPU = Release|Any CPU
	EndGlobalSection
	GlobalSection(ProjectConfigurationPlatforms) = postSolution
		{C695F80E-2C38-42DB-9F24-B9FDBF0B2CE3}.Debug|Any CPU.ActiveCfg = Debug|Any CPU
		{C695F80E-2C38-42DB-9F24-B9FDBF0B2CE3}.Debug|Any CPU.Build.0 = Debug|Any CPU
		{C695F80E-2C38-42DB-9F24-B9FDBF0B2CE3}.Release|Any CPU.ActiveCfg = Release|Any CPU
		{C695F80E-2C38-42DB-9F24-B9FDBF0B2CE3}.Release|Any CPU.Build.0 = Release|Any CPU
	EndGlobalSection
	GlobalSection(SolutionProperties) = preSolution
		HideSolutionNode = FALSE
	EndGlobalSection
	GlobalSection(ExtensibilityGlobals) = postSolution
		SolutionGuid = {A68106C2-4297-45E2-8560-9A2F0A881560}
	EndGlobalSection
EndGlobal
